// !$*UTF8*$!
{
	archiveVersion = 1;
	classes = {
	};
	objectVersion = 46;
	objects = {

/* Begin PBXBuildFile section */
		ADF76B6D14F2C86C00A51FA1 /* UIKit.framework in Frameworks */ = {isa = PBXBuildFile; fileRef = ADF76B6C14F2C86C00A51FA1 /* UIKit.framework */; };
		ADF76B6F14F2C86C00A51FA1 /* Foundation.framework in Frameworks */ = {isa = PBXBuildFile; fileRef = ADF76B6E14F2C86C00A51FA1 /* Foundation.framework */; };
		ADF76B7114F2C86C00A51FA1 /* CoreGraphics.framework in Frameworks */ = {isa = PBXBuildFile; fileRef = ADF76B7014F2C86C00A51FA1 /* CoreGraphics.framework */; };
		ADF76B7714F2C86C00A51FA1 /* InfoPlist.strings in Resources */ = {isa = PBXBuildFile; fileRef = ADF76B7514F2C86C00A51FA1 /* InfoPlist.strings */; };
		ADF76B7914F2C86C00A51FA1 /* main.m in Sources */ = {isa = PBXBuildFile; fileRef = ADF76B7814F2C86C00A51FA1 /* main.m */; };
		ADF76B7D14F2C86C00A51FA1 /* XitiveAppDelegate.m in Sources */ = {isa = PBXBuildFile; fileRef = ADF76B7C14F2C86C00A51FA1 /* XitiveAppDelegate.m */; };
		ADF76B8014F2C86C00A51FA1 /* XitiveViewController.m in Sources */ = {isa = PBXBuildFile; fileRef = ADF76B7F14F2C86C00A51FA1 /* XitiveViewController.m */; };
		ADF76B8314F2C86C00A51FA1 /* XitiveViewController_iPhone.xib in Resources */ = {isa = PBXBuildFile; fileRef = ADF76B8114F2C86C00A51FA1 /* XitiveViewController_iPhone.xib */; };
		ADF76B8614F2C86C00A51FA1 /* XitiveViewController_iPad.xib in Resources */ = {isa = PBXBuildFile; fileRef = ADF76B8414F2C86C00A51FA1 /* XitiveViewController_iPad.xib */; };
		ADF76B9714F2E26000A51FA1 /* Accelerate.framework in Frameworks */ = {isa = PBXBuildFile; fileRef = ADF76B9614F2E26000A51FA1 /* Accelerate.framework */; };
		ADF76B9914F2E26800A51FA1 /* CoreAudio.framework in Frameworks */ = {isa = PBXBuildFile; fileRef = ADF76B9814F2E26800A51FA1 /* CoreAudio.framework */; };
		ADF76B9B14F2E61700A51FA1 /* AudioToolbox.framework in Frameworks */ = {isa = PBXBuildFile; fileRef = ADF76B9A14F2E61700A51FA1 /* AudioToolbox.framework */; };
		ADF76BA214F2F63900A51FA1 /* apb_load_file_easy.c in Sources */ = {isa = PBXBuildFile; fileRef = ADF76B9E14F2F63900A51FA1 /* apb_load_file_easy.c */; };
		ADF76BA314F2F63900A51FA1 /* XitiveBenchmark.c in Sources */ = {isa = PBXBuildFile; fileRef = ADF76BA014F2F63900A51FA1 /* XitiveBenchmark.c */; };
		ADF76BA614F2F64B00A51FA1 /* track_a.wav in Resources */ = {isa = PBXBuildFile; fileRef = ADF76BA414F2F64B00A51FA1 /* track_a.wav */; };
		ADF76BA714F2F64B00A51FA1 /* track_b.wav in Resources */ = {isa = PBXBuildFile; fileRef = ADF76BA514F2F64B00A51FA1 /* track_b.wav */; };
/* End PBXBuildFile section */

/* Begin PBXFileReference section */
		ADF76B6814F2C86C00A51FA1 /* accelerate-benchmark.app */ = {isa = PBXFileReference; explicitFileType = wrapper.application; includeInIndex = 0; path = "accelerate-benchmark.app"; sourceTree = BUILT_PRODUCTS_DIR; };
		ADF76B6C14F2C86C00A51FA1 /* UIKit.framework */ = {isa = PBXFileReference; lastKnownFileType = wrapper.framework; name = UIKit.framework; path = System/Library/Frameworks/UIKit.framework; sourceTree = SDKROOT; };
		ADF76B6E14F2C86C00A51FA1 /* Foundation.framework */ = {isa = PBXFileReference; lastKnownFileType = wrapper.framework; name = Foundation.framework; path = System/Library/Frameworks/Foundation.framework; sourceTree = SDKROOT; };
		ADF76B7014F2C86C00A51FA1 /* CoreGraphics.framework */ = {isa = PBXFileReference; lastKnownFileType = wrapper.framework; name = CoreGraphics.framework; path = System/Library/Frameworks/CoreGraphics.framework; sourceTree = SDKROOT; };
		ADF76B7414F2C86C00A51FA1 /* accelerate-benchmark-Info.plist */ = {isa = PBXFileReference; lastKnownFileType = text.plist.xml; path = "accelerate-benchmark-Info.plist"; sourceTree = "<group>"; };
		ADF76B7614F2C86C00A51FA1 /* en */ = {isa = PBXFileReference; lastKnownFileType = text.plist.strings; name = en; path = en.lproj/InfoPlist.strings; sourceTree = "<group>"; };
		ADF76B7814F2C86C00A51FA1 /* main.m */ = {isa = PBXFileReference; lastKnownFileType = sourcecode.c.objc; path = main.m; sourceTree = "<group>"; };
		ADF76B7A14F2C86C00A51FA1 /* accelerate-benchmark-Prefix.pch */ = {isa = PBXFileReference; lastKnownFileType = sourcecode.c.h; path = "accelerate-benchmark-Prefix.pch"; sourceTree = "<group>"; };
		ADF76B7B14F2C86C00A51FA1 /* XitiveAppDelegate.h */ = {isa = PBXFileReference; lastKnownFileType = sourcecode.c.h; path = XitiveAppDelegate.h; sourceTree = "<group>"; };
		ADF76B7C14F2C86C00A51FA1 /* XitiveAppDelegate.m */ = {isa = PBXFileReference; lastKnownFileType = sourcecode.c.objc; path = XitiveAppDelegate.m; sourceTree = "<group>"; };
		ADF76B7E14F2C86C00A51FA1 /* XitiveViewController.h */ = {isa = PBXFileReference; lastKnownFileType = sourcecode.c.h; path = XitiveViewController.h; sourceTree = "<group>"; };
		ADF76B7F14F2C86C00A51FA1 /* XitiveViewController.m */ = {isa = PBXFileReference; lastKnownFileType = sourcecode.c.objc; path = XitiveViewController.m; sourceTree = "<group>"; };
		ADF76B8214F2C86C00A51FA1 /* en */ = {isa = PBXFileReference; lastKnownFileType = file.xib; name = en; path = en.lproj/XitiveViewController_iPhone.xib; sourceTree = "<group>"; };
		ADF76B8514F2C86C00A51FA1 /* en */ = {isa = PBXFileReference; lastKnownFileType = file.xib; name = en; path = en.lproj/XitiveViewController_iPad.xib; sourceTree = "<group>"; };
		ADF76B9614F2E26000A51FA1 /* Accelerate.framework */ = {isa = PBXFileReference; lastKnownFileType = wrapper.framework; name = Accelerate.framework; path = System/Library/Frameworks/Accelerate.framework; sourceTree = SDKROOT; };
		ADF76B9814F2E26800A51FA1 /* CoreAudio.framework */ = {isa = PBXFileReference; lastKnownFileType = wrapper.framework; name = CoreAudio.framework; path = System/Library/Frameworks/CoreAudio.framework; sourceTree = SDKROOT; };
		ADF76B9A14F2E61700A51FA1 /* AudioToolbox.framework */ = {isa = PBXFileReference; lastKnownFileType = wrapper.framework; name = AudioToolbox.framework; path = System/Library/Frameworks/AudioToolbox.framework; sourceTree = SDKROOT; };
		ADF76B9E14F2F63900A51FA1 /* apb_load_file_easy.c */ = {isa = PBXFileReference; fileEncoding = 4; lastKnownFileType = sourcecode.c.c; path = apb_load_file_easy.c; sourceTree = "<group>"; };
		ADF76B9F14F2F63900A51FA1 /* apb_load_file_easy.h */ = {isa = PBXFileReference; fileEncoding = 4; lastKnownFileType = sourcecode.c.h; path = apb_load_file_easy.h; sourceTree = "<group>"; };
		ADF76BA014F2F63900A51FA1 /* XitiveBenchmark.c */ = {isa = PBXFileReference; fileEncoding = 4; lastKnownFileType = sourcecode.c.c; path = XitiveBenchmark.c; sourceTree = "<group>"; };
		ADF76BA114F2F63900A51FA1 /* XitiveBenchmark.h */ = {isa = PBXFileReference; fileEncoding = 4; lastKnownFileType = sourcecode.c.h; path = XitiveBenchmark.h; sourceTree = "<group>"; };
		ADF76BA414F2F64B00A51FA1 /* track_a.wav */ = {isa = PBXFileReference; lastKnownFileType = audio.wav; path = track_a.wav; sourceTree = "<group>"; };
		ADF76BA514F2F64B00A51FA1 /* track_b.wav */ = {isa = PBXFileReference; lastKnownFileType = audio.wav; path = track_b.wav; sourceTree = "<group>"; };
/* End PBXFileReference section */

/* Begin PBXFrameworksBuildPhase section */
		ADF76B6514F2C86C00A51FA1 /* Frameworks */ = {
			isa = PBXFrameworksBuildPhase;
			buildActionMask = 2147483647;
			files = (
				ADF76B9B14F2E61700A51FA1 /* AudioToolbox.framework in Frameworks */,
				ADF76B9914F2E26800A51FA1 /* CoreAudio.framework in Frameworks */,
				ADF76B9714F2E26000A51FA1 /* Accelerate.framework in Frameworks */,
				ADF76B6D14F2C86C00A51FA1 /* UIKit.framework in Frameworks */,
				ADF76B6F14F2C86C00A51FA1 /* Foundation.framework in Frameworks */,
				ADF76B7114F2C86C00A51FA1 /* CoreGraphics.framework in Frameworks */,
			);
			runOnlyForDeploymentPostprocessing = 0;
		};
/* End PBXFrameworksBuildPhase section */

/* Begin PBXGroup section */
		ADF76B5D14F2C86C00A51FA1 = {
			isa = PBXGroup;
			children = (
				ADF76B9A14F2E61700A51FA1 /* AudioToolbox.framework */,
				ADF76B9814F2E26800A51FA1 /* CoreAudio.framework */,
				ADF76B9614F2E26000A51FA1 /* Accelerate.framework */,
				ADF76B7214F2C86C00A51FA1 /* accelerate-benchmark */,
				ADF76B6B14F2C86C00A51FA1 /* Frameworks */,
				ADF76B6914F2C86C00A51FA1 /* Products */,
			);
			sourceTree = "<group>";
		};
		ADF76B6914F2C86C00A51FA1 /* Products */ = {
			isa = PBXGroup;
			children = (
				ADF76B6814F2C86C00A51FA1 /* accelerate-benchmark.app */,
			);
			name = Products;
			sourceTree = "<group>";
		};
		ADF76B6B14F2C86C00A51FA1 /* Frameworks */ = {
			isa = PBXGroup;
			children = (
				ADF76B6C14F2C86C00A51FA1 /* UIKit.framework */,
				ADF76B6E14F2C86C00A51FA1 /* Foundation.framework */,
				ADF76B7014F2C86C00A51FA1 /* CoreGraphics.framework */,
			);
			name = Frameworks;
			sourceTree = "<group>";
		};
		ADF76B7214F2C86C00A51FA1 /* accelerate-benchmark */ = {
			isa = PBXGroup;
			children = (
				ADF76B9E14F2F63900A51FA1 /* apb_load_file_easy.c */,
				ADF76B9F14F2F63900A51FA1 /* apb_load_file_easy.h */,
				ADF76BA014F2F63900A51FA1 /* XitiveBenchmark.c */,
				ADF76BA114F2F63900A51FA1 /* XitiveBenchmark.h */,
				ADF76B7B14F2C86C00A51FA1 /* XitiveAppDelegate.h */,
				ADF76B7C14F2C86C00A51FA1 /* XitiveAppDelegate.m */,
				ADF76B7E14F2C86C00A51FA1 /* XitiveViewController.h */,
				ADF76B7F14F2C86C00A51FA1 /* XitiveViewController.m */,
				ADF76B8114F2C86C00A51FA1 /* XitiveViewController_iPhone.xib */,
				ADF76B8414F2C86C00A51FA1 /* XitiveViewController_iPad.xib */,
				ADF76B7314F2C86C00A51FA1 /* Supporting Files */,
			);
			path = "accelerate-benchmark";
			sourceTree = "<group>";
		};
		ADF76B7314F2C86C00A51FA1 /* Supporting Files */ = {
			isa = PBXGroup;
			children = (
				ADF76BA414F2F64B00A51FA1 /* track_a.wav */,
				ADF76BA514F2F64B00A51FA1 /* track_b.wav */,
				ADF76B7414F2C86C00A51FA1 /* accelerate-benchmark-Info.plist */,
				ADF76B7514F2C86C00A51FA1 /* InfoPlist.strings */,
				ADF76B7814F2C86C00A51FA1 /* main.m */,
				ADF76B7A14F2C86C00A51FA1 /* accelerate-benchmark-Prefix.pch */,
			);
			name = "Supporting Files";
			sourceTree = "<group>";
		};
/* End PBXGroup section */

/* Begin PBXNativeTarget section */
		ADF76B6714F2C86C00A51FA1 /* accelerate-benchmark */ = {
			isa = PBXNativeTarget;
			buildConfigurationList = ADF76B8914F2C86C00A51FA1 /* Build configuration list for PBXNativeTarget "accelerate-benchmark" */;
			buildPhases = (
				ADF76B6414F2C86C00A51FA1 /* Sources */,
				ADF76B6514F2C86C00A51FA1 /* Frameworks */,
				ADF76B6614F2C86C00A51FA1 /* Resources */,
			);
			buildRules = (
			);
			dependencies = (
			);
			name = "accelerate-benchmark";
			productName = "accelerate-benchmark";
			productReference = ADF76B6814F2C86C00A51FA1 /* accelerate-benchmark.app */;
			productType = "com.apple.product-type.application";
		};
/* End PBXNativeTarget section */

/* Begin PBXProject section */
		ADF76B5F14F2C86C00A51FA1 /* Project object */ = {
			isa = PBXProject;
			attributes = {
				LastUpgradeCheck = 0420;
				ORGANIZATIONNAME = none;
			};
			buildConfigurationList = ADF76B6214F2C86C00A51FA1 /* Build configuration list for PBXProject "accelerate-benchmark" */;
			compatibilityVersion = "Xcode 3.2";
			developmentRegion = English;
			hasScannedForEncodings = 0;
			knownRegions = (
				en,
			);
			mainGroup = ADF76B5D14F2C86C00A51FA1;
			productRefGroup = ADF76B6914F2C86C00A51FA1 /* Products */;
			projectDirPath = "";
			projectRoot = "";
			targets = (
				ADF76B6714F2C86C00A51FA1 /* accelerate-benchmark */,
			);
		};
/* End PBXProject section */

/* Begin PBXResourcesBuildPhase section */
		ADF76B6614F2C86C00A51FA1 /* Resources */ = {
			isa = PBXResourcesBuildPhase;
			buildActionMask = 2147483647;
			files = (
				ADF76B7714F2C86C00A51FA1 /* InfoPlist.strings in Resources */,
				ADF76B8314F2C86C00A51FA1 /* XitiveViewController_iPhone.xib in Resources */,
				ADF76B8614F2C86C00A51FA1 /* XitiveViewController_iPad.xib in Resources */,
				ADF76BA614F2F64B00A51FA1 /* track_a.wav in Resources */,
				ADF76BA714F2F64B00A51FA1 /* track_b.wav in Resources */,
			);
			runOnlyForDeploymentPostprocessing = 0;
		};
/* End PBXResourcesBuildPhase section */

/* Begin PBXSourcesBuildPhase section */
		ADF76B6414F2C86C00A51FA1 /* Sources */ = {
			isa = PBXSourcesBuildPhase;
			buildActionMask = 2147483647;
			files = (
				ADF76B7914F2C86C00A51FA1 /* main.m in Sources */,
				ADF76B7D14F2C86C00A51FA1 /* XitiveAppDelegate.m in Sources */,
				ADF76B8014F2C86C00A51FA1 /* XitiveViewController.m in Sources */,
				ADF76BA214F2F63900A51FA1 /* apb_load_file_easy.c in Sources */,
				ADF76BA314F2F63900A51FA1 /* XitiveBenchmark.c in Sources */,
			);
			runOnlyForDeploymentPostprocessing = 0;
		};
/* End PBXSourcesBuildPhase section */

/* Begin PBXVariantGroup section */
		ADF76B7514F2C86C00A51FA1 /* InfoPlist.strings */ = {
			isa = PBXVariantGroup;
			children = (
				ADF76B7614F2C86C00A51FA1 /* en */,
			);
			name = InfoPlist.strings;
			sourceTree = "<group>";
		};
		ADF76B8114F2C86C00A51FA1 /* XitiveViewController_iPhone.xib */ = {
			isa = PBXVariantGroup;
			children = (
				ADF76B8214F2C86C00A51FA1 /* en */,
			);
			name = XitiveViewController_iPhone.xib;
			sourceTree = "<group>";
		};
		ADF76B8414F2C86C00A51FA1 /* XitiveViewController_iPad.xib */ = {
			isa = PBXVariantGroup;
			children = (
				ADF76B8514F2C86C00A51FA1 /* en */,
			);
			name = XitiveViewController_iPad.xib;
			sourceTree = "<group>";
		};
/* End PBXVariantGroup section */

/* Begin XCBuildConfiguration section */
		ADF76B8714F2C86C00A51FA1 /* Debug */ = {
			isa = XCBuildConfiguration;
			buildSettings = {
				ALWAYS_SEARCH_USER_PATHS = NO;
				ARCHS = "$(ARCHS_STANDARD_32_BIT)";
				CLANG_ENABLE_OBJC_ARC = YES;
				"CODE_SIGN_IDENTITY[sdk=iphoneos*]" = "iPhone Developer";
				COPY_PHASE_STRIP = NO;
				GCC_C_LANGUAGE_STANDARD = gnu99;
				GCC_DYNAMIC_NO_PIC = NO;
				GCC_OPTIMIZATION_LEVEL = 0;
				GCC_PREPROCESSOR_DEFINITIONS = (
					"DEBUG=1",
					"$(inherited)",
				);
				GCC_SYMBOLS_PRIVATE_EXTERN = NO;
				GCC_VERSION = com.apple.compilers.llvm.clang.1_0;
				GCC_WARN_ABOUT_MISSING_PROTOTYPES = YES;
				GCC_WARN_ABOUT_RETURN_TYPE = YES;
				GCC_WARN_UNUSED_VARIABLE = YES;
				IPHONEOS_DEPLOYMENT_TARGET = 5.0;
				SDKROOT = iphoneos;
				TARGETED_DEVICE_FAMILY = "1,2";
			};
			name = Debug;
		};
		ADF76B8814F2C86C00A51FA1 /* Release */ = {
			isa = XCBuildConfiguration;
			buildSettings = {
				ALWAYS_SEARCH_USER_PATHS = NO;
				ARCHS = "$(ARCHS_STANDARD_32_BIT)";
				CLANG_ENABLE_OBJC_ARC = YES;
				"CODE_SIGN_IDENTITY[sdk=iphoneos*]" = "iPhone Developer";
				COPY_PHASE_STRIP = YES;
				GCC_C_LANGUAGE_STANDARD = gnu99;
				GCC_VERSION = com.apple.compilers.llvm.clang.1_0;
				GCC_WARN_ABOUT_MISSING_PROTOTYPES = YES;
				GCC_WARN_ABOUT_RETURN_TYPE = YES;
				GCC_WARN_UNUSED_VARIABLE = YES;
				IPHONEOS_DEPLOYMENT_TARGET = 5.0;
				OTHER_CFLAGS = "-DNS_BLOCK_ASSERTIONS=1";
				SDKROOT = iphoneos;
				TARGETED_DEVICE_FAMILY = "1,2";
				VALIDATE_PRODUCT = YES;
			};
			name = Release;
		};
		ADF76B8A14F2C86C00A51FA1 /* Debug */ = {
			isa = XCBuildConfiguration;
			buildSettings = {
				GCC_PRECOMPILE_PREFIX_HEADER = YES;
				GCC_PREFIX_HEADER = "accelerate-benchmark/accelerate-benchmark-Prefix.pch";
				INFOPLIST_FILE = "accelerate-benchmark/accelerate-benchmark-Info.plist";
				PRODUCT_NAME = "$(TARGET_NAME)";
				WRAPPER_EXTENSION = app;
			};
			name = Debug;
		};
		ADF76B8B14F2C86C00A51FA1 /* Release */ = {
			isa = XCBuildConfiguration;
			buildSettings = {
				GCC_PRECOMPILE_PREFIX_HEADER = YES;
				GCC_PREFIX_HEADER = "accelerate-benchmark/accelerate-benchmark-Prefix.pch";
				INFOPLIST_FILE = "accelerate-benchmark/accelerate-benchmark-Info.plist";
				PRODUCT_NAME = "$(TARGET_NAME)";
				WRAPPER_EXTENSION = app;
			};
			name = Release;
		};
/* End XCBuildConfiguration section */

/* Begin XCConfigurationList section */
		ADF76B6214F2C86C00A51FA1 /* Build configuration list for PBXProject "accelerate-benchmark" */ = {
			isa = XCConfigurationList;
			buildConfigurations = (
				ADF76B8714F2C86C00A51FA1 /* Debug */,
				ADF76B8814F2C86C00A51FA1 /* Release */,
			);
			defaultConfigurationIsVisible = 0;
			defaultConfigurationName = Release;
		};
		ADF76B8914F2C86C00A51FA1 /* Build configuration list for PBXNativeTarget "accelerate-benchmark" */ = {
			isa = XCConfigurationList;
			buildConfigurations = (
				ADF76B8A14F2C86C00A51FA1 /* Debug */,
				ADF76B8B14F2C86C00A51FA1 /* Release */,
			);
			defaultConfigurationIsVisible = 0;
		};
/* End XCConfigurationList section */
	};
	rootObject = ADF76B5F14F2C86C00A51FA1 /* Project object */;
}
